
Microsoft Visual Studio Solution File, Format Version 12.00
# Visual Studio Version 16
VisualStudioVersion = 16.0.31129.286
MinimumVisualStudioVersion = 10.0.40219.1
Project("{FAE04EC0-301F-11D3-BF4B-00C04F79EFBC}") = "EFCapaPresentacion", "EFCapaPresentacion\EFCapaPresentacion.csproj", "{083AD7B9-A833-40C6-A79F-06B8BA87DDE1}"
EndProject
Project("{FAE04EC0-301F-11D3-BF4B-00C04F79EFBC}") = "EFCapaLogica", "..\EFCapaLogica\EFCapaLogica.csproj", "{F25A796F-823D-4655-A0C7-5FE6248D6E5F}"
EndProject
Project("{FAE04EC0-301F-11D3-BF4B-00C04F79EFBC}") = "EFCapaDatos", "..\EFCapaDatos\EFCapaDatos.csproj", "{6D577793-FC6A-474D-9EAB-BBB4C8512E17}"
EndProject
Project("{FAE04EC0-301F-11D3-BF4B-00C04F79EFBC}") = "EFEntities", "EFEntities\EFEntities.csproj", "{C1008758-685E-4E0B-A706-05E75B461DC6}"
EndProject
Global
	GlobalSection(SolutionConfigurationPlatforms) = preSolution
		Debug|Any CPU = Debug|Any CPU
		Release|Any CPU = Release|Any CPU
	EndGlobalSection
	GlobalSection(ProjectConfigurationPlatforms) = postSolution
		{083AD7B9-A833-40C6-A79F-06B8BA87DDE1}.Debug|Any CPU.ActiveCfg = Debug|Any CPU
		{083AD7B9-A833-40C6-A79F-06B8BA87DDE1}.Debug|Any CPU.Build.0 = Debug|Any CPU
		{083AD7B9-A833-40C6-A79F-06B8BA87DDE1}.Release|Any CPU.ActiveCfg = Release|Any CPU
		{083AD7B9-A833-40C6-A79F-06B8BA87DDE1}.Release|Any CPU.Build.0 = Release|Any CPU
		{F25A796F-823D-4655-A0C7-5FE6248D6E5F}.Debug|Any CPU.ActiveCfg = Debug|Any CPU
		{F25A796F-823D-4655-A0C7-5FE6248D6E5F}.Debug|Any CPU.Build.0 = Debug|Any CPU
		{F25A796F-823D-4655-A0C7-5FE6248D6E5F}.Release|Any CPU.ActiveCfg = Release|Any CPU
		{F25A796F-823D-4655-A0C7-5FE6248D6E5F}.Release|Any CPU.Build.0 = Release|Any CPU
		{6D577793-FC6A-474D-9EAB-BBB4C8512E17}.Debug|Any CPU.ActiveCfg = Debug|Any CPU
		{6D577793-FC6A-474D-9EAB-BBB4C8512E17}.Debug|Any CPU.Build.0 = Debug|Any CPU
		{6D577793-FC6A-474D-9EAB-BBB4C8512E17}.Release|Any CPU.ActiveCfg = Release|Any CPU
		{6D577793-FC6A-474D-9EAB-BBB4C8512E17}.Release|Any CPU.Build.0 = Release|Any CPU
		{C1008758-685E-4E0B-A706-05E75B461DC6}.Debug|Any CPU.ActiveCfg = Debug|Any CPU
		{C1008758-685E-4E0B-A706-05E75B461DC6}.Debug|Any CPU.Build.0 = Debug|Any CPU
		{C1008758-685E-4E0B-A706-05E75B461DC6}.Release|Any CPU.ActiveCfg = Release|Any CPU
		{C1008758-685E-4E0B-A706-05E75B461DC6}.Release|Any CPU.Build.0 = Release|Any CPU
	EndGlobalSection
	GlobalSection(SolutionProperties) = preSolution
		HideSolutionNode = FALSE
	EndGlobalSection
	GlobalSection(ExtensibilityGlobals) = postSolution
		SolutionGuid = {B85B377C-58E3-4899-97F4-6FE54DA20E37}
	EndGlobalSection
EndGlobal
